<?xml version="1.0" encoding="utf-8"?>
<Project ToolsVersion="4.0" xmlns="http://schemas.microsoft.com/developer/msbuild/2003">
  <ItemGroup>
    <Filter Include="源文件">
      <UniqueIdentifier>{4FC737F1-C7A5-4376-A066-2A32D752A2FF}</UniqueIdentifier>
      <Extensions>cpp;c;cc;cxx;def;odl;idl;hpj;bat;asm;asmx</Extensions>
    </Filter>
    <Filter Include="头文件">
      <UniqueIdentifier>{93995380-89BD-4b04-88EB-625FBE52EBFB}</UniqueIdentifier>
      <Extensions>h;hh;hpp;hxx;hm;inl;inc;ipp;xsd</Extensions>
    </Filter>
    <Filter Include="资源文件">
      <UniqueIdentifier>{67DA6AB6-F800-4c08-8B7A-83BB121AAD01}</UniqueIdentifier>
      <Extensions>rc;ico;cur;bmp;dlg;rc2;rct;bin;rgs;gif;jpg;jpeg;jpe;resx;tiff;tif;png;wav;mfcribbon-ms</Extensions>
    </Filter>
    <Filter Include="头文件\ChartHeader">
      <UniqueIdentifier>{682eb99f-0e04-4d70-a5d1-f8bdc1b3e219}</UniqueIdentifier>
    </Filter>
    <Filter Include="源文件\ChartSource">
      <UniqueIdentifier>{9acf0152-ba9e-40e0-b339-38c3b9c7a097}</UniqueIdentifier>
    </Filter>
    <Filter Include="头文件\DAQHeader">
      <UniqueIdentifier>{5e40c8a5-d0bd-41a0-8419-df56d991bec0}</UniqueIdentifier>
    </Filter>
    <Filter Include="源文件\DAQSource">
      <UniqueIdentifier>{50e31d16-7ec7-4cbe-b893-1664975438fc}</UniqueIdentifier>
    </Filter>
  </ItemGroup>
  <ItemGroup>
    <ClInclude Include="basicfoce.h">
      <Filter>头文件</Filter>
    </ClInclude>
    <ClInclude Include="basicfoceDlg.h">
      <Filter>头文件</Filter>
    </ClInclude>
    <ClInclude Include="stdafx.h">
      <Filter>头文件</Filter>
    </ClInclude>
    <ClInclude Include="targetver.h">
      <Filter>头文件</Filter>
    </ClInclude>
    <ClInclude Include="Resource.h">
      <Filter>头文件</Filter>
    </ClInclude>
    <ClInclude Include="ChartClass\ChartAxis.h">
      <Filter>头文件\ChartHeader</Filter>
    </ClInclude>
    <ClInclude Include="ChartClass\ChartAxisLabel.h">
      <Filter>头文件\ChartHeader</Filter>
    </ClInclude>
    <ClInclude Include="ChartClass\ChartCtrl.h">
      <Filter>头文件\ChartHeader</Filter>
    </ClInclude>
    <ClInclude Include="ChartClass\ChartFont.h">
      <Filter>头文件\ChartHeader</Filter>
    </ClInclude>
    <ClInclude Include="ChartClass\ChartGrid.h">
      <Filter>头文件\ChartHeader</Filter>
    </ClInclude>
    <ClInclude Include="ChartClass\ChartLineSerie.h">
      <Filter>头文件\ChartHeader</Filter>
    </ClInclude>
    <ClInclude Include="ChartClass\ChartPointsArray.h">
      <Filter>头文件\ChartHeader</Filter>
    </ClInclude>
    <ClInclude Include="ChartClass\ChartSerie.h">
      <Filter>头文件\ChartHeader</Filter>
    </ClInclude>
    <ClInclude Include="ChartClass\ChartSerieBase.h">
      <Filter>头文件\ChartHeader</Filter>
    </ClInclude>
    <ClInclude Include="ChartClass\ChartStandardAxis.h">
      <Filter>头文件\ChartHeader</Filter>
    </ClInclude>
    <ClInclude Include="ChartClass\ChartString.h">
      <Filter>头文件\ChartHeader</Filter>
    </ClInclude>
    <ClInclude Include="ChartClass\ChartXYSerie.h">
      <Filter>头文件\ChartHeader</Filter>
    </ClInclude>
    <ClInclude Include="ChartClass\PointsOrdering.h">
      <Filter>头文件\ChartHeader</Filter>
    </ClInclude>
    <ClInclude Include="DataAcquisition.h">
      <Filter>头文件</Filter>
    </ClInclude>
    <ClInclude Include="CDisplay.h">
      <Filter>头文件</Filter>
    </ClInclude>
    <ClInclude Include="CalibrationDiag.h">
      <Filter>头文件</Filter>
    </ClInclude>
    <ClInclude Include="DAQClass\DCHelpers.h">
      <Filter>头文件\DAQHeader</Filter>
    </ClInclude>
    <ClInclude Include="ReportCtrl.h">
      <Filter>头文件</Filter>
    </ClInclude>
    <ClInclude Include="BoostLib.h">
      <Filter>头文件</Filter>
    </ClInclude>
    <ClInclude Include="CalibrationData.h">
      <Filter>头文件</Filter>
    </ClInclude>
    <ClInclude Include="sqlite3\CppSQLite3.h">
      <Filter>头文件</Filter>
    </ClInclude>
    <ClInclude Include="database.h">
      <Filter>头文件</Filter>
    </ClInclude>
    <ClInclude Include="StiffnessData.h">
      <Filter>头文件</Filter>
    </ClInclude>
  </ItemGroup>
  <ItemGroup>
    <ClCompile Include="basicfoce.cpp">
      <Filter>源文件</Filter>
    </ClCompile>
    <ClCompile Include="basicfoceDlg.cpp">
      <Filter>源文件</Filter>
    </ClCompile>
    <ClCompile Include="stdafx.cpp">
      <Filter>源文件</Filter>
    </ClCompile>
    <ClCompile Include="ChartClass\ChartAxis.cpp">
      <Filter>源文件\ChartSource</Filter>
    </ClCompile>
    <ClCompile Include="ChartClass\ChartAxisLabel.cpp">
      <Filter>源文件\ChartSource</Filter>
    </ClCompile>
    <ClCompile Include="ChartClass\ChartCtrl.cpp">
      <Filter>源文件\ChartSource</Filter>
    </ClCompile>
    <ClCompile Include="ChartClass\ChartFont.cpp">
      <Filter>源文件\ChartSource</Filter>
    </ClCompile>
    <ClCompile Include="ChartClass\ChartGrid.cpp">
      <Filter>源文件\ChartSource</Filter>
    </ClCompile>
    <ClCompile Include="ChartClass\ChartLineSerie.cpp">
      <Filter>源文件\ChartSource</Filter>
    </ClCompile>
    <ClCompile Include="ChartClass\ChartSerie.cpp">
      <Filter>源文件\ChartSource</Filter>
    </ClCompile>
    <ClCompile Include="ChartClass\ChartStandardAxis.cpp">
      <Filter>源文件\ChartSource</Filter>
    </ClCompile>
    <ClCompile Include="ChartClass\ChartXYSerie.cpp">
      <Filter>源文件\ChartSource</Filter>
    </ClCompile>
    <ClCompile Include="DataAcquisition.cpp">
      <Filter>源文件</Filter>
    </ClCompile>
    <ClCompile Include="CDisplay.cpp">
      <Filter>源文件</Filter>
    </ClCompile>
    <ClCompile Include="CalibrationDiag.cpp">
      <Filter>源文件</Filter>
    </ClCompile>
    <ClCompile Include="DAQClass\DCHelpers.cpp">
      <Filter>源文件\DAQSource</Filter>
    </ClCompile>
    <ClCompile Include="ReportCtrl.cpp">
      <Filter>源文件</Filter>
    </ClCompile>
    <ClCompile Include="CalibrationData.cpp">
      <Filter>源文件</Filter>
    </ClCompile>
    <ClCompile Include="sqlite3\CppSQLite3.cpp">
      <Filter>源文件</Filter>
    </ClCompile>
    <ClCompile Include="StiffnessData.cpp">
      <Filter>源文件</Filter>
    </ClCompile>
  </ItemGroup>
  <ItemGroup>
    <ResourceCompile Include="basicfoce.rc">
      <Filter>资源文件</Filter>
    </ResourceCompile>
  </ItemGroup>
  <ItemGroup>
    <None Include="res\basicfoce.rc2">
      <Filter>资源文件</Filter>
    </None>
    <None Include="ChartClass\ChartPointsArray.inl">
      <Filter>头文件\ChartHeader</Filter>
    </None>
    <None Include="ChartClass\ChartSerieBase.inl">
      <Filter>头文件\ChartHeader</Filter>
    </None>
  </ItemGroup>
  <ItemGroup>
    <Image Include="res\basicfoce.ico">
      <Filter>资源文件</Filter>
    </Image>
  </ItemGroup>
</Project>